
Microsoft Visual Studio Solution File, Format Version 12.00
# Visual Studio Version 17
VisualStudioVersion = 17.6.33801.468
MinimumVisualStudioVersion = 10.0.40219.1
Project("{9A19103F-16F7-4668-BE54-9A1E7A4F7556}") = "TestBlog", "TestBlog\TestBlog.csproj", "{AA1CDE11-F547-45E4-9528-46B0FFCC9A54}"
EndProject
Project("{FAE04EC0-301F-11D3-BF4B-00C04F79EFBC}") = "Blog.Models", "Blog.Models\Blog.Models.csproj", "{830CB5CA-B495-45F9-8FA0-29B1C0B72F6E}"
EndProject
Project("{FAE04EC0-301F-11D3-BF4B-00C04F79EFBC}") = "Blog.Database", "Blog.Database\Blog.Database.csproj", "{A2291507-7136-4245-A4CF-FB8083AC7BF5}"
EndProject
Project("{FAE04EC0-301F-11D3-BF4B-00C04F79EFBC}") = "Blog.Repositories", "Blog.Repositories\Blog.Repositories.csproj", "{E0B29856-4E77-4AF8-87F3-36DAC18EB32C}"
EndProject
Global
	GlobalSection(SolutionConfigurationPlatforms) = preSolution
		Debug|Any CPU = Debug|Any CPU
		Release|Any CPU = Release|Any CPU
	EndGlobalSection
	GlobalSection(ProjectConfigurationPlatforms) = postSolution
		{AA1CDE11-F547-45E4-9528-46B0FFCC9A54}.Debug|Any CPU.ActiveCfg = Debug|Any CPU
		{AA1CDE11-F547-45E4-9528-46B0FFCC9A54}.Debug|Any CPU.Build.0 = Debug|Any CPU
		{AA1CDE11-F547-45E4-9528-46B0FFCC9A54}.Release|Any CPU.ActiveCfg = Release|Any CPU
		{AA1CDE11-F547-45E4-9528-46B0FFCC9A54}.Release|Any CPU.Build.0 = Release|Any CPU
		{830CB5CA-B495-45F9-8FA0-29B1C0B72F6E}.Debug|Any CPU.ActiveCfg = Debug|Any CPU
		{830CB5CA-B495-45F9-8FA0-29B1C0B72F6E}.Debug|Any CPU.Build.0 = Debug|Any CPU
		{830CB5CA-B495-45F9-8FA0-29B1C0B72F6E}.Release|Any CPU.ActiveCfg = Release|Any CPU
		{830CB5CA-B495-45F9-8FA0-29B1C0B72F6E}.Release|Any CPU.Build.0 = Release|Any CPU
		{A2291507-7136-4245-A4CF-FB8083AC7BF5}.Debug|Any CPU.ActiveCfg = Debug|Any CPU
		{A2291507-7136-4245-A4CF-FB8083AC7BF5}.Debug|Any CPU.Build.0 = Debug|Any CPU
		{A2291507-7136-4245-A4CF-FB8083AC7BF5}.Release|Any CPU.ActiveCfg = Release|Any CPU
		{A2291507-7136-4245-A4CF-FB8083AC7BF5}.Release|Any CPU.Build.0 = Release|Any CPU
		{E0B29856-4E77-4AF8-87F3-36DAC18EB32C}.Debug|Any CPU.ActiveCfg = Debug|Any CPU
		{E0B29856-4E77-4AF8-87F3-36DAC18EB32C}.Debug|Any CPU.Build.0 = Debug|Any CPU
		{E0B29856-4E77-4AF8-87F3-36DAC18EB32C}.Release|Any CPU.ActiveCfg = Release|Any CPU
		{E0B29856-4E77-4AF8-87F3-36DAC18EB32C}.Release|Any CPU.Build.0 = Release|Any CPU
	EndGlobalSection
	GlobalSection(SolutionProperties) = preSolution
		HideSolutionNode = FALSE
	EndGlobalSection
	GlobalSection(ExtensibilityGlobals) = postSolution
		SolutionGuid = {8B84F580-EDE0-4A6F-A83C-6D22A54052CE}
	EndGlobalSection
EndGlobal
